dependencies:
- name: redis
  repository: https://charts.bitnami.com/bitnami
  version: 20.7.1
- name: postgresql
  repository: https://charts.bitnami.com/bitnami
  version: 16.4.9
digest: sha256:ccb7b5c911cae85ec6358f0cf09db34c2fa53a0ebb11fa8ba0426ba991e89c18
generated: "2025-02-18T16:12:59.123394069+05:45"
